
Microsoft Visual Studio Solution File, Format Version 12.00
# Visual Studio Version 17
VisualStudioVersion = 17.2.32516.85
MinimumVisualStudioVersion = 10.0.40219.1
Project("{FAE04EC0-301F-11D3-BF4B-00C04F79EFBC}") = "AuthorizationAPI", "AuthorizationAPI\AuthorizationAPI.csproj", "{A7260324-6532-4218-A86D-EF6447042F54}"
EndProject
Global
	GlobalSection(SolutionConfigurationPlatforms) = preSolution
		Debug|Any CPU = Debug|Any CPU
		Release|Any CPU = Release|Any CPU
	EndGlobalSection
	GlobalSection(ProjectConfigurationPlatforms) = postSolution
		{A7260324-6532-4218-A86D-EF6447042F54}.Debug|Any CPU.ActiveCfg = Debug|Any CPU
		{A7260324-6532-4218-A86D-EF6447042F54}.Debug|Any CPU.Build.0 = Debug|Any CPU
		{A7260324-6532-4218-A86D-EF6447042F54}.Release|Any CPU.ActiveCfg = Release|Any CPU
		{A7260324-6532-4218-A86D-EF6447042F54}.Release|Any CPU.Build.0 = Release|Any CPU
	EndGlobalSection
	GlobalSection(SolutionProperties) = preSolution
		HideSolutionNode = FALSE
	EndGlobalSection
	GlobalSection(ExtensibilityGlobals) = postSolution
		SolutionGuid = {B4BA48BF-8A24-4BC7-9DA6-54BE99E1E109}
	EndGlobalSection
EndGlobal
